
Microsoft Visual Studio Solution File, Format Version 12.00
# Visual Studio 2012
Project("{FAE04EC0-301F-11D3-BF4B-00C04F79EFBC}") = "EjC.AssemblyStructure", "EjC.AssemblyStructure\EjC.AssemblyStructure.csproj", "{6B196F00-AAEB-4014-B26A-91625DEF39B8}"
EndProject
Project("{FAE04EC0-301F-11D3-BF4B-00C04F79EFBC}") = "EjC.AssemblyStructureTests", "EjC.AssemblyStructureTests\EjC.AssemblyStructureTests.csproj", "{2DEEBF54-06CA-4C6A-AD38-90616A5121B5}"
EndProject
Project("{FAE04EC0-301F-11D3-BF4B-00C04F79EFBC}") = "EjC.CodeStructure.AD", "EjC.CodeStructure.AD\EjC.CodeStructure.AD.csproj", "{F67C965B-97AB-4628-AA9C-3FB740C1ECBC}"
EndProject
Global
	GlobalSection(SolutionConfigurationPlatforms) = preSolution
		Debug|Any CPU = Debug|Any CPU
		Release|Any CPU = Release|Any CPU
	EndGlobalSection
	GlobalSection(ProjectConfigurationPlatforms) = postSolution
		{6B196F00-AAEB-4014-B26A-91625DEF39B8}.Debug|Any CPU.ActiveCfg = Debug|Any CPU
		{6B196F00-AAEB-4014-B26A-91625DEF39B8}.Debug|Any CPU.Build.0 = Debug|Any CPU
		{6B196F00-AAEB-4014-B26A-91625DEF39B8}.Release|Any CPU.ActiveCfg = Release|Any CPU
		{6B196F00-AAEB-4014-B26A-91625DEF39B8}.Release|Any CPU.Build.0 = Release|Any CPU
		{2DEEBF54-06CA-4C6A-AD38-90616A5121B5}.Debug|Any CPU.ActiveCfg = Debug|Any CPU
		{2DEEBF54-06CA-4C6A-AD38-90616A5121B5}.Debug|Any CPU.Build.0 = Debug|Any CPU
		{2DEEBF54-06CA-4C6A-AD38-90616A5121B5}.Release|Any CPU.ActiveCfg = Release|Any CPU
		{2DEEBF54-06CA-4C6A-AD38-90616A5121B5}.Release|Any CPU.Build.0 = Release|Any CPU
		{F67C965B-97AB-4628-AA9C-3FB740C1ECBC}.Debug|Any CPU.ActiveCfg = Debug|Any CPU
		{F67C965B-97AB-4628-AA9C-3FB740C1ECBC}.Debug|Any CPU.Build.0 = Debug|Any CPU
		{F67C965B-97AB-4628-AA9C-3FB740C1ECBC}.Release|Any CPU.ActiveCfg = Release|Any CPU
		{F67C965B-97AB-4628-AA9C-3FB740C1ECBC}.Release|Any CPU.Build.0 = Release|Any CPU
	EndGlobalSection
	GlobalSection(SolutionProperties) = preSolution
		HideSolutionNode = FALSE
	EndGlobalSection
EndGlobal
